// !$*UTF8*$!
{
	archiveVersion = 1;
	classes = {
	};
	objectVersion = 50;
	objects = {

/* Begin PBXBuildFile section */
		096D869E5420A96EF7185158 /* Pods_BankUXSUITests.framework in Frameworks */ = {isa = PBXBuildFile; fileRef = 35AE07B25043266BA0AC458A /* Pods_BankUXSUITests.framework */; };
		58001BA521617D08007311A0 /* AppDelegate.swift in Sources */ = {isa = PBXBuildFile; fileRef = 58001BA421617D08007311A0 /* AppDelegate.swift */; };
		58001BAA21617D08007311A0 /* Main.storyboard in Resources */ = {isa = PBXBuildFile; fileRef = 58001BA821617D08007311A0 /* Main.storyboard */; };
		58001BAC21617D0A007311A0 /* Assets.xcassets in Resources */ = {isa = PBXBuildFile; fileRef = 58001BAB21617D0A007311A0 /* Assets.xcassets */; };
		58001BAF21617D0A007311A0 /* LaunchScreen.storyboard in Resources */ = {isa = PBXBuildFile; fileRef = 58001BAD21617D0A007311A0 /* LaunchScreen.storyboard */; };
		58001BBA21617D0B007311A0 /* BankUXSTests.swift in Sources */ = {isa = PBXBuildFile; fileRef = 58001BB921617D0B007311A0 /* BankUXSTests.swift */; };
		58001BC521617D0B007311A0 /* BankUXSUITests.swift in Sources */ = {isa = PBXBuildFile; fileRef = 58001BC421617D0B007311A0 /* BankUXSUITests.swift */; };
		58001BDB21618661007311A0 /* TransactionsPresenterPresenter.swift in Sources */ = {isa = PBXBuildFile; fileRef = 58001BDA21618661007311A0 /* TransactionsPresenterPresenter.swift */; };
		58001BDF21618C4C007311A0 /* TransactionsViewController.swift in Sources */ = {isa = PBXBuildFile; fileRef = 58001BDE21618C4C007311A0 /* TransactionsViewController.swift */; };
		58001BE3216193DF007311A0 /* TransactionsInteractor.swift in Sources */ = {isa = PBXBuildFile; fileRef = 58001BE2216193DF007311A0 /* TransactionsInteractor.swift */; };
		58001BE721619F13007311A0 /* TransactionsResponse.swift in Sources */ = {isa = PBXBuildFile; fileRef = 58001BE621619F13007311A0 /* TransactionsResponse.swift */; };
		58001BEC21619F68007311A0 /* TransactionsCell.xib in Resources */ = {isa = PBXBuildFile; fileRef = 58001BEB21619F68007311A0 /* TransactionsCell.xib */; };
		58001BEE2161A283007311A0 /* TransactionsCell.swift in Sources */ = {isa = PBXBuildFile; fileRef = 58001BED2161A283007311A0 /* TransactionsCell.swift */; };
		58001BF02161AE2F007311A0 /* TransactionsRepositoryDefault.swift in Sources */ = {isa = PBXBuildFile; fileRef = 58001BEF2161AE2F007311A0 /* TransactionsRepositoryDefault.swift */; };
		58001BF22161AF3D007311A0 /* TransactionsRepository.swift in Sources */ = {isa = PBXBuildFile; fileRef = 58001BF12161AF3D007311A0 /* TransactionsRepository.swift */; };
		58001BF52161B0B7007311A0 /* Constants.swift in Sources */ = {isa = PBXBuildFile; fileRef = 58001BF42161B0B7007311A0 /* Constants.swift */; };
		58001BF72161E515007311A0 /* TransactionsItemModel.swift in Sources */ = {isa = PBXBuildFile; fileRef = 58001BF62161E515007311A0 /* TransactionsItemModel.swift */; };
		58001BF92161E654007311A0 /* TransactionsSectionModel.swift in Sources */ = {isa = PBXBuildFile; fileRef = 58001BF82161E654007311A0 /* TransactionsSectionModel.swift */; };
		58001BFB2161E6EE007311A0 /* TransactionsStaticInteractor.swift in Sources */ = {isa = PBXBuildFile; fileRef = 58001BFA2161E6EE007311A0 /* TransactionsStaticInteractor.swift */; };
		58001BFD216252A0007311A0 /* Extensions.swift in Sources */ = {isa = PBXBuildFile; fileRef = 58001BFC216252A0007311A0 /* Extensions.swift */; };
		F3E67138522E4169AF6EBEB0 /* Pods_BankUXS.framework in Frameworks */ = {isa = PBXBuildFile; fileRef = B673EFCA4699E970D4115331 /* Pods_BankUXS.framework */; };
		FA78A84494AE5C62936015E2 /* Pods_BankUXSTests.framework in Frameworks */ = {isa = PBXBuildFile; fileRef = D21B08AA278E38322448EFF3 /* Pods_BankUXSTests.framework */; };
/* End PBXBuildFile section */

/* Begin PBXContainerItemProxy section */
		58001BB621617D0B007311A0 /* PBXContainerItemProxy */ = {
			isa = PBXContainerItemProxy;
			containerPortal = 58001B9921617D08007311A0 /* Project object */;
			proxyType = 1;
			remoteGlobalIDString = 58001BA021617D08007311A0;
			remoteInfo = BankUXS;
		};
		58001BC121617D0B007311A0 /* PBXContainerItemProxy */ = {
			isa = PBXContainerItemProxy;
			containerPortal = 58001B9921617D08007311A0 /* Project object */;
			proxyType = 1;
			remoteGlobalIDString = 58001BA021617D08007311A0;
			remoteInfo = BankUXS;
		};
/* End PBXContainerItemProxy section */

/* Begin PBXFileReference section */
		277576870B65A7EEC1668D75 /* Pods-BankUXSUITests.debug.xcconfig */ = {isa = PBXFileReference; includeInIndex = 1; lastKnownFileType = text.xcconfig; name = "Pods-BankUXSUITests.debug.xcconfig"; path = "Pods/Target Support Files/Pods-BankUXSUITests/Pods-BankUXSUITests.debug.xcconfig"; sourceTree = "<group>"; };
		35AE07B25043266BA0AC458A /* Pods_BankUXSUITests.framework */ = {isa = PBXFileReference; explicitFileType = wrapper.framework; includeInIndex = 0; path = Pods_BankUXSUITests.framework; sourceTree = BUILT_PRODUCTS_DIR; };
		58001BA121617D08007311A0 /* BankUXS.app */ = {isa = PBXFileReference; explicitFileType = wrapper.application; includeInIndex = 0; path = BankUXS.app; sourceTree = BUILT_PRODUCTS_DIR; };
		58001BA421617D08007311A0 /* AppDelegate.swift */ = {isa = PBXFileReference; lastKnownFileType = sourcecode.swift; path = AppDelegate.swift; sourceTree = "<group>"; };
		58001BA921617D08007311A0 /* Base */ = {isa = PBXFileReference; lastKnownFileType = file.storyboard; name = Base; path = Base.lproj/Main.storyboard; sourceTree = "<group>"; };
		58001BAB21617D0A007311A0 /* Assets.xcassets */ = {isa = PBXFileReference; lastKnownFileType = folder.assetcatalog; path = Assets.xcassets; sourceTree = "<group>"; };
		58001BAE21617D0A007311A0 /* Base */ = {isa = PBXFileReference; lastKnownFileType = file.storyboard; name = Base; path = Base.lproj/LaunchScreen.storyboard; sourceTree = "<group>"; };
		58001BB021617D0A007311A0 /* Info.plist */ = {isa = PBXFileReference; lastKnownFileType = text.plist.xml; path = Info.plist; sourceTree = "<group>"; };
		58001BB521617D0B007311A0 /* BankUXSTests.xctest */ = {isa = PBXFileReference; explicitFileType = wrapper.cfbundle; includeInIndex = 0; path = BankUXSTests.xctest; sourceTree = BUILT_PRODUCTS_DIR; };
		58001BB921617D0B007311A0 /* BankUXSTests.swift */ = {isa = PBXFileReference; lastKnownFileType = sourcecode.swift; path = BankUXSTests.swift; sourceTree = "<group>"; };
		58001BBB21617D0B007311A0 /* Info.plist */ = {isa = PBXFileReference; lastKnownFileType = text.plist.xml; path = Info.plist; sourceTree = "<group>"; };
		58001BC021617D0B007311A0 /* BankUXSUITests.xctest */ = {isa = PBXFileReference; explicitFileType = wrapper.cfbundle; includeInIndex = 0; path = BankUXSUITests.xctest; sourceTree = BUILT_PRODUCTS_DIR; };
		58001BC421617D0B007311A0 /* BankUXSUITests.swift */ = {isa = PBXFileReference; lastKnownFileType = sourcecode.swift; path = BankUXSUITests.swift; sourceTree = "<group>"; };
		58001BC621617D0B007311A0 /* Info.plist */ = {isa = PBXFileReference; lastKnownFileType = text.plist.xml; path = Info.plist; sourceTree = "<group>"; };
		58001BDA21618661007311A0 /* TransactionsPresenterPresenter.swift */ = {isa = PBXFileReference; lastKnownFileType = sourcecode.swift; path = TransactionsPresenterPresenter.swift; sourceTree = "<group>"; };
		58001BDE21618C4C007311A0 /* TransactionsViewController.swift */ = {isa = PBXFileReference; lastKnownFileType = sourcecode.swift; path = TransactionsViewController.swift; sourceTree = "<group>"; };
		58001BE2216193DF007311A0 /* TransactionsInteractor.swift */ = {isa = PBXFileReference; lastKnownFileType = sourcecode.swift; path = TransactionsInteractor.swift; sourceTree = "<group>"; };
		58001BE621619F13007311A0 /* TransactionsResponse.swift */ = {isa = PBXFileReference; lastKnownFileType = sourcecode.swift; path = TransactionsResponse.swift; sourceTree = "<group>"; };
		58001BEB21619F68007311A0 /* TransactionsCell.xib */ = {isa = PBXFileReference; lastKnownFileType = file.xib; path = TransactionsCell.xib; sourceTree = "<group>"; };
		58001BED2161A283007311A0 /* TransactionsCell.swift */ = {isa = PBXFileReference; lastKnownFileType = sourcecode.swift; path = TransactionsCell.swift; sourceTree = "<group>"; };
		58001BEF2161AE2F007311A0 /* TransactionsRepositoryDefault.swift */ = {isa = PBXFileReference; lastKnownFileType = sourcecode.swift; path = TransactionsRepositoryDefault.swift; sourceTree = "<group>"; };
		58001BF12161AF3D007311A0 /* TransactionsRepository.swift */ = {isa = PBXFileReference; lastKnownFileType = sourcecode.swift; path = TransactionsRepository.swift; sourceTree = "<group>"; };
		58001BF42161B0B7007311A0 /* Constants.swift */ = {isa = PBXFileReference; lastKnownFileType = sourcecode.swift; path = Constants.swift; sourceTree = "<group>"; };
		58001BF62161E515007311A0 /* TransactionsItemModel.swift */ = {isa = PBXFileReference; lastKnownFileType = sourcecode.swift; path = TransactionsItemModel.swift; sourceTree = "<group>"; };
		58001BF82161E654007311A0 /* TransactionsSectionModel.swift */ = {isa = PBXFileReference; lastKnownFileType = sourcecode.swift; path = TransactionsSectionModel.swift; sourceTree = "<group>"; };
		58001BFA2161E6EE007311A0 /* TransactionsStaticInteractor.swift */ = {isa = PBXFileReference; lastKnownFileType = sourcecode.swift; path = TransactionsStaticInteractor.swift; sourceTree = "<group>"; };
		58001BFC216252A0007311A0 /* Extensions.swift */ = {isa = PBXFileReference; lastKnownFileType = sourcecode.swift; path = Extensions.swift; sourceTree = "<group>"; };
		64AD4B798B752DFACD9F350B /* Pods-BankUXSTests.debug.xcconfig */ = {isa = PBXFileReference; includeInIndex = 1; lastKnownFileType = text.xcconfig; name = "Pods-BankUXSTests.debug.xcconfig"; path = "Pods/Target Support Files/Pods-BankUXSTests/Pods-BankUXSTests.debug.xcconfig"; sourceTree = "<group>"; };
		6AB856E5D53A52665503CCEB /* Pods-BankUXSUITests.release.xcconfig */ = {isa = PBXFileReference; includeInIndex = 1; lastKnownFileType = text.xcconfig; name = "Pods-BankUXSUITests.release.xcconfig"; path = "Pods/Target Support Files/Pods-BankUXSUITests/Pods-BankUXSUITests.release.xcconfig"; sourceTree = "<group>"; };
		860E6F3044AAFDE71EA5B735 /* Pods-BankUXSTests.release.xcconfig */ = {isa = PBXFileReference; includeInIndex = 1; lastKnownFileType = text.xcconfig; name = "Pods-BankUXSTests.release.xcconfig"; path = "Pods/Target Support Files/Pods-BankUXSTests/Pods-BankUXSTests.release.xcconfig"; sourceTree = "<group>"; };
		B673EFCA4699E970D4115331 /* Pods_BankUXS.framework */ = {isa = PBXFileReference; explicitFileType = wrapper.framework; includeInIndex = 0; path = Pods_BankUXS.framework; sourceTree = BUILT_PRODUCTS_DIR; };
		D21B08AA278E38322448EFF3 /* Pods_BankUXSTests.framework */ = {isa = PBXFileReference; explicitFileType = wrapper.framework; includeInIndex = 0; path = Pods_BankUXSTests.framework; sourceTree = BUILT_PRODUCTS_DIR; };
		E57F21EB3BC669689CEFF7E0 /* Pods-BankUXS.debug.xcconfig */ = {isa = PBXFileReference; includeInIndex = 1; lastKnownFileType = text.xcconfig; name = "Pods-BankUXS.debug.xcconfig"; path = "Pods/Target Support Files/Pods-BankUXS/Pods-BankUXS.debug.xcconfig"; sourceTree = "<group>"; };
		EA1374FFCC89B4C6A1F64A1C /* Pods-BankUXS.release.xcconfig */ = {isa = PBXFileReference; includeInIndex = 1; lastKnownFileType = text.xcconfig; name = "Pods-BankUXS.release.xcconfig"; path = "Pods/Target Support Files/Pods-BankUXS/Pods-BankUXS.release.xcconfig"; sourceTree = "<group>"; };
/* End PBXFileReference section */

/* Begin PBXFrameworksBuildPhase section */
		58001B9E21617D08007311A0 /* Frameworks */ = {
			isa = PBXFrameworksBuildPhase;
			buildActionMask = 2147483647;
			files = (
				F3E67138522E4169AF6EBEB0 /* Pods_BankUXS.framework in Frameworks */,
			);
			runOnlyForDeploymentPostprocessing = 0;
		};
		58001BB221617D0B007311A0 /* Frameworks */ = {
			isa = PBXFrameworksBuildPhase;
			buildActionMask = 2147483647;
			files = (
				FA78A84494AE5C62936015E2 /* Pods_BankUXSTests.framework in Frameworks */,
			);
			runOnlyForDeploymentPostprocessing = 0;
		};
		58001BBD21617D0B007311A0 /* Frameworks */ = {
			isa = PBXFrameworksBuildPhase;
			buildActionMask = 2147483647;
			files = (
				096D869E5420A96EF7185158 /* Pods_BankUXSUITests.framework in Frameworks */,
			);
			runOnlyForDeploymentPostprocessing = 0;
		};
/* End PBXFrameworksBuildPhase section */

/* Begin PBXGroup section */
		58001B9821617D08007311A0 = {
			isa = PBXGroup;
			children = (
				58001BA321617D08007311A0 /* BankUXS */,
				58001BB821617D0B007311A0 /* BankUXSTests */,
				58001BC321617D0B007311A0 /* BankUXSUITests */,
				58001BA221617D08007311A0 /* Products */,
				F36D6743CE67922585077783 /* Pods */,
				995F1C181B50700919F3331F /* Frameworks */,
			);
			sourceTree = "<group>";
		};
		58001BA221617D08007311A0 /* Products */ = {
			isa = PBXGroup;
			children = (
				58001BA121617D08007311A0 /* BankUXS.app */,
				58001BB521617D0B007311A0 /* BankUXSTests.xctest */,
				58001BC021617D0B007311A0 /* BankUXSUITests.xctest */,
			);
			name = Products;
			sourceTree = "<group>";
		};
		58001BA321617D08007311A0 /* BankUXS */ = {
			isa = PBXGroup;
			children = (
				58001BF32161B09D007311A0 /* Utils */,
				58001BD221617FD6007311A0 /* Business */,
				58001BE521619C0C007311A0 /* Data */,
				58001BD62161859A007311A0 /* Sections */,
				58001BA421617D08007311A0 /* AppDelegate.swift */,
				58001BA821617D08007311A0 /* Main.storyboard */,
				58001BAB21617D0A007311A0 /* Assets.xcassets */,
				58001BAD21617D0A007311A0 /* LaunchScreen.storyboard */,
				58001BB021617D0A007311A0 /* Info.plist */,
			);
			path = BankUXS;
			sourceTree = "<group>";
		};
		58001BB821617D0B007311A0 /* BankUXSTests */ = {
			isa = PBXGroup;
			children = (
				58001BB921617D0B007311A0 /* BankUXSTests.swift */,
				58001BBB21617D0B007311A0 /* Info.plist */,
			);
			path = BankUXSTests;
			sourceTree = "<group>";
		};
		58001BC321617D0B007311A0 /* BankUXSUITests */ = {
			isa = PBXGroup;
			children = (
				58001BC421617D0B007311A0 /* BankUXSUITests.swift */,
				58001BC621617D0B007311A0 /* Info.plist */,
			);
			path = BankUXSUITests;
			sourceTree = "<group>";
		};
		58001BD221617FD6007311A0 /* Business */ = {
			isa = PBXGroup;
			children = (
				58001BD321617FEE007311A0 /* Data */,
			);
			path = Business;
			sourceTree = "<group>";
		};
		58001BD321617FEE007311A0 /* Data */ = {
			isa = PBXGroup;
			children = (
				58001BD521618000007311A0 /* Repository */,
				58001BD421617FF6007311A0 /* Interactor */,
			);
			path = Data;
			sourceTree = "<group>";
		};
		58001BD421617FF6007311A0 /* Interactor */ = {
			isa = PBXGroup;
			children = (
				58001BFA2161E6EE007311A0 /* TransactionsStaticInteractor.swift */,
				58001BE2216193DF007311A0 /* TransactionsInteractor.swift */,
			);
			path = Interactor;
			sourceTree = "<group>";
		};
		58001BD521618000007311A0 /* Repository */ = {
			isa = PBXGroup;
			children = (
				58001BEF2161AE2F007311A0 /* TransactionsRepositoryDefault.swift */,
				58001BF12161AF3D007311A0 /* TransactionsRepository.swift */,
			);
			path = Repository;
			sourceTree = "<group>";
		};
		58001BD62161859A007311A0 /* Sections */ = {
			isa = PBXGroup;
			children = (
				58001BD7216185D7007311A0 /* Transactions */,
			);
			path = Sections;
			sourceTree = "<group>";
		};
		58001BD7216185D7007311A0 /* Transactions */ = {
			isa = PBXGroup;
			children = (
				58001BE921619F41007311A0 /* View */,
				58001BDA21618661007311A0 /* TransactionsPresenterPresenter.swift */,
				58001BDE21618C4C007311A0 /* TransactionsViewController.swift */,
				58001BF62161E515007311A0 /* TransactionsItemModel.swift */,
				58001BF82161E654007311A0 /* TransactionsSectionModel.swift */,
			);
			path = Transactions;
			sourceTree = "<group>";
		};
		58001BE521619C0C007311A0 /* Data */ = {
			isa = PBXGroup;
			children = (
				58001BE821619F1C007311A0 /* Responses */,
			);
			path = Data;
			sourceTree = "<group>";
		};
		58001BE821619F1C007311A0 /* Responses */ = {
			isa = PBXGroup;
			children = (
				58001BE621619F13007311A0 /* TransactionsResponse.swift */,
			);
			path = Responses;
			sourceTree = "<group>";
		};
		58001BE921619F41007311A0 /* View */ = {
			isa = PBXGroup;
			children = (
				58001BEA21619F4A007311A0 /* Cell */,
			);
			path = View;
			sourceTree = "<group>";
		};
		58001BEA21619F4A007311A0 /* Cell */ = {
			isa = PBXGroup;
			children = (
				58001BEB21619F68007311A0 /* TransactionsCell.xib */,
				58001BED2161A283007311A0 /* TransactionsCell.swift */,
			);
			path = Cell;
			sourceTree = "<group>";
		};
		58001BF32161B09D007311A0 /* Utils */ = {
			isa = PBXGroup;
			children = (
				58001BF42161B0B7007311A0 /* Constants.swift */,
				58001BFC216252A0007311A0 /* Extensions.swift */,
			);
			path = Utils;
			sourceTree = "<group>";
		};
		995F1C181B50700919F3331F /* Frameworks */ = {
			isa = PBXGroup;
			children = (
				B673EFCA4699E970D4115331 /* Pods_BankUXS.framework */,
				D21B08AA278E38322448EFF3 /* Pods_BankUXSTests.framework */,
				35AE07B25043266BA0AC458A /* Pods_BankUXSUITests.framework */,
			);
			name = Frameworks;
			sourceTree = "<group>";
		};
		F36D6743CE67922585077783 /* Pods */ = {
			isa = PBXGroup;
			children = (
				E57F21EB3BC669689CEFF7E0 /* Pods-BankUXS.debug.xcconfig */,
				EA1374FFCC89B4C6A1F64A1C /* Pods-BankUXS.release.xcconfig */,
				64AD4B798B752DFACD9F350B /* Pods-BankUXSTests.debug.xcconfig */,
				860E6F3044AAFDE71EA5B735 /* Pods-BankUXSTests.release.xcconfig */,
				277576870B65A7EEC1668D75 /* Pods-BankUXSUITests.debug.xcconfig */,
				6AB856E5D53A52665503CCEB /* Pods-BankUXSUITests.release.xcconfig */,
			);
			name = Pods;
			sourceTree = "<group>";
		};
/* End PBXGroup section */

/* Begin PBXNativeTarget section */
		58001BA021617D08007311A0 /* BankUXS */ = {
			isa = PBXNativeTarget;
			buildConfigurationList = 58001BC921617D0B007311A0 /* Build configuration list for PBXNativeTarget "BankUXS" */;
			buildPhases = (
				BB2E78F3D67F252B802A4698 /* [CP] Check Pods Manifest.lock */,
				58001B9D21617D08007311A0 /* Sources */,
				58001B9E21617D08007311A0 /* Frameworks */,
				58001B9F21617D08007311A0 /* Resources */,
				C9F749B30D69A78273010A4A /* [CP] Embed Pods Frameworks */,
			);
			buildRules = (
			);
			dependencies = (
			);
			name = BankUXS;
			productName = BankUXS;
			productReference = 58001BA121617D08007311A0 /* BankUXS.app */;
			productType = "com.apple.product-type.application";
		};
		58001BB421617D0B007311A0 /* BankUXSTests */ = {
			isa = PBXNativeTarget;
			buildConfigurationList = 58001BCC21617D0B007311A0 /* Build configuration list for PBXNativeTarget "BankUXSTests" */;
			buildPhases = (
				B648BA44F47D94A64942CCE8 /* [CP] Check Pods Manifest.lock */,
				58001BB121617D0B007311A0 /* Sources */,
				58001BB221617D0B007311A0 /* Frameworks */,
				58001BB321617D0B007311A0 /* Resources */,
			);
			buildRules = (
			);
			dependencies = (
				58001BB721617D0B007311A0 /* PBXTargetDependency */,
			);
			name = BankUXSTests;
			productName = BankUXSTests;
			productReference = 58001BB521617D0B007311A0 /* BankUXSTests.xctest */;
			productType = "com.apple.product-type.bundle.unit-test";
		};
		58001BBF21617D0B007311A0 /* BankUXSUITests */ = {
			isa = PBXNativeTarget;
			buildConfigurationList = 58001BCF21617D0B007311A0 /* Build configuration list for PBXNativeTarget "BankUXSUITests" */;
			buildPhases = (
				6A70B77A3E5F6E5C4C929BC7 /* [CP] Check Pods Manifest.lock */,
				58001BBC21617D0B007311A0 /* Sources */,
				58001BBD21617D0B007311A0 /* Frameworks */,
				58001BBE21617D0B007311A0 /* Resources */,
			);
			buildRules = (
			);
			dependencies = (
				58001BC221617D0B007311A0 /* PBXTargetDependency */,
			);
			name = BankUXSUITests;
			productName = BankUXSUITests;
			productReference = 58001BC021617D0B007311A0 /* BankUXSUITests.xctest */;
			productType = "com.apple.product-type.bundle.ui-testing";
		};
/* End PBXNativeTarget section */

/* Begin PBXProject section */
		58001B9921617D08007311A0 /* Project object */ = {
			isa = PBXProject;
			attributes = {
				LastSwiftUpdateCheck = 0940;
				LastUpgradeCheck = 0940;
				ORGANIZATIONNAME = "Carlos Colmenares";
				TargetAttributes = {
					58001BA021617D08007311A0 = {
						CreatedOnToolsVersion = 9.4.1;
					};
					58001BB421617D0B007311A0 = {
						CreatedOnToolsVersion = 9.4.1;
						TestTargetID = 58001BA021617D08007311A0;
					};
					58001BBF21617D0B007311A0 = {
						CreatedOnToolsVersion = 9.4.1;
						TestTargetID = 58001BA021617D08007311A0;
					};
				};
			};
			buildConfigurationList = 58001B9C21617D08007311A0 /* Build configuration list for PBXProject "BankUXS" */;
			compatibilityVersion = "Xcode 9.3";
			developmentRegion = en;
			hasScannedForEncodings = 0;
			knownRegions = (
				en,
				Base,
			);
			mainGroup = 58001B9821617D08007311A0;
			productRefGroup = 58001BA221617D08007311A0 /* Products */;
			projectDirPath = "";
			projectRoot = "";
			targets = (
				58001BA021617D08007311A0 /* BankUXS */,
				58001BB421617D0B007311A0 /* BankUXSTests */,
				58001BBF21617D0B007311A0 /* BankUXSUITests */,
			);
		};
/* End PBXProject section */

/* Begin PBXResourcesBuildPhase section */
		58001B9F21617D08007311A0 /* Resources */ = {
			isa = PBXResourcesBuildPhase;
			buildActionMask = 2147483647;
			files = (
				58001BAF21617D0A007311A0 /* LaunchScreen.storyboard in Resources */,
				58001BAC21617D0A007311A0 /* Assets.xcassets in Resources */,
				58001BEC21619F68007311A0 /* TransactionsCell.xib in Resources */,
				58001BAA21617D08007311A0 /* Main.storyboard in Resources */,
			);
			runOnlyForDeploymentPostprocessing = 0;
		};
		58001BB321617D0B007311A0 /* Resources */ = {
			isa = PBXResourcesBuildPhase;
			buildActionMask = 2147483647;
			files = (
			);
			runOnlyForDeploymentPostprocessing = 0;
		};
		58001BBE21617D0B007311A0 /* Resources */ = {
			isa = PBXResourcesBuildPhase;
			buildActionMask = 2147483647;
			files = (
			);
			runOnlyForDeploymentPostprocessing = 0;
		};
/* End PBXResourcesBuildPhase section */

/* Begin PBXShellScriptBuildPhase section */
		6A70B77A3E5F6E5C4C929BC7 /* [CP] Check Pods Manifest.lock */ = {
			isa = PBXShellScriptBuildPhase;
			buildActionMask = 2147483647;
			files = (
			);
			inputPaths = (
				"${PODS_PODFILE_DIR_PATH}/Podfile.lock",
				"${PODS_ROOT}/Manifest.lock",
			);
			name = "[CP] Check Pods Manifest.lock";
			outputPaths = (
				"$(DERIVED_FILE_DIR)/Pods-BankUXSUITests-checkManifestLockResult.txt",
			);
			runOnlyForDeploymentPostprocessing = 0;
			shellPath = /bin/sh;
			shellScript = "diff \"${PODS_PODFILE_DIR_PATH}/Podfile.lock\" \"${PODS_ROOT}/Manifest.lock\" > /dev/null\nif [ $? != 0 ] ; then\n    # print error to STDERR\n    echo \"error: The sandbox is not in sync with the Podfile.lock. Run 'pod install' or update your CocoaPods installation.\" >&2\n    exit 1\nfi\n# This output is used by Xcode 'outputs' to avoid re-running this script phase.\necho \"SUCCESS\" > \"${SCRIPT_OUTPUT_FILE_0}\"\n";
			showEnvVarsInLog = 0;
		};
		B648BA44F47D94A64942CCE8 /* [CP] Check Pods Manifest.lock */ = {
			isa = PBXShellScriptBuildPhase;
			buildActionMask = 2147483647;
			files = (
			);
			inputPaths = (
				"${PODS_PODFILE_DIR_PATH}/Podfile.lock",
				"${PODS_ROOT}/Manifest.lock",
			);
			name = "[CP] Check Pods Manifest.lock";
			outputPaths = (
				"$(DERIVED_FILE_DIR)/Pods-BankUXSTests-checkManifestLockResult.txt",
			);
			runOnlyForDeploymentPostprocessing = 0;
			shellPath = /bin/sh;
			shellScript = "diff \"${PODS_PODFILE_DIR_PATH}/Podfile.lock\" \"${PODS_ROOT}/Manifest.lock\" > /dev/null\nif [ $? != 0 ] ; then\n    # print error to STDERR\n    echo \"error: The sandbox is not in sync with the Podfile.lock. Run 'pod install' or update your CocoaPods installation.\" >&2\n    exit 1\nfi\n# This output is used by Xcode 'outputs' to avoid re-running this script phase.\necho \"SUCCESS\" > \"${SCRIPT_OUTPUT_FILE_0}\"\n";
			showEnvVarsInLog = 0;
		};
		BB2E78F3D67F252B802A4698 /* [CP] Check Pods Manifest.lock */ = {
			isa = PBXShellScriptBuildPhase;
			buildActionMask = 2147483647;
			files = (
			);
			inputPaths = (
				"${PODS_PODFILE_DIR_PATH}/Podfile.lock",
				"${PODS_ROOT}/Manifest.lock",
			);
			name = "[CP] Check Pods Manifest.lock";
			outputPaths = (
				"$(DERIVED_FILE_DIR)/Pods-BankUXS-checkManifestLockResult.txt",
			);
			runOnlyForDeploymentPostprocessing = 0;
			shellPath = /bin/sh;
			shellScript = "diff \"${PODS_PODFILE_DIR_PATH}/Podfile.lock\" \"${PODS_ROOT}/Manifest.lock\" > /dev/null\nif [ $? != 0 ] ; then\n    # print error to STDERR\n    echo \"error: The sandbox is not in sync with the Podfile.lock. Run 'pod install' or update your CocoaPods installation.\" >&2\n    exit 1\nfi\n# This output is used by Xcode 'outputs' to avoid re-running this script phase.\necho \"SUCCESS\" > \"${SCRIPT_OUTPUT_FILE_0}\"\n";
			showEnvVarsInLog = 0;
		};
		C9F749B30D69A78273010A4A /* [CP] Embed Pods Frameworks */ = {
			isa = PBXShellScriptBuildPhase;
			buildActionMask = 2147483647;
			files = (
			);
			inputPaths = (
				"${SRCROOT}/Pods/Target Support Files/Pods-BankUXS/Pods-BankUXS-frameworks.sh",
				"${BUILT_PRODUCTS_DIR}/Alamofire/Alamofire.framework",
				"${BUILT_PRODUCTS_DIR}/ObjectMapper/ObjectMapper.framework",
			);
			name = "[CP] Embed Pods Frameworks";
			outputPaths = (
				"${TARGET_BUILD_DIR}/${FRAMEWORKS_FOLDER_PATH}/Alamofire.framework",
				"${TARGET_BUILD_DIR}/${FRAMEWORKS_FOLDER_PATH}/ObjectMapper.framework",
			);
			runOnlyForDeploymentPostprocessing = 0;
			shellPath = /bin/sh;
			shellScript = "\"${SRCROOT}/Pods/Target Support Files/Pods-BankUXS/Pods-BankUXS-frameworks.sh\"\n";
			showEnvVarsInLog = 0;
		};
/* End PBXShellScriptBuildPhase section */

/* Begin PBXSourcesBuildPhase section */
		58001B9D21617D08007311A0 /* Sources */ = {
			isa = PBXSourcesBuildPhase;
			buildActionMask = 2147483647;
			files = (
				58001BDB21618661007311A0 /* TransactionsPresenterPresenter.swift in Sources */,
				58001BF22161AF3D007311A0 /* TransactionsRepository.swift in Sources */,
				58001BDF21618C4C007311A0 /* TransactionsViewController.swift in Sources */,
				58001BFB2161E6EE007311A0 /* TransactionsStaticInteractor.swift in Sources */,
				58001BE721619F13007311A0 /* TransactionsResponse.swift in Sources */,
				58001BF52161B0B7007311A0 /* Constants.swift in Sources */,
				58001BF02161AE2F007311A0 /* TransactionsRepositoryDefault.swift in Sources */,
				58001BF72161E515007311A0 /* TransactionsItemModel.swift in Sources */,
				58001BFD216252A0007311A0 /* Extensions.swift in Sources */,
				58001BF92161E654007311A0 /* TransactionsSectionModel.swift in Sources */,
				58001BE3216193DF007311A0 /* TransactionsInteractor.swift in Sources */,
				58001BEE2161A283007311A0 /* TransactionsCell.swift in Sources */,
				58001BA521617D08007311A0 /* AppDelegate.swift in Sources */,
			);
			runOnlyForDeploymentPostprocessing = 0;
		};
		58001BB121617D0B007311A0 /* Sources */ = {
			isa = PBXSourcesBuildPhase;
			buildActionMask = 2147483647;
			files = (
				58001BBA21617D0B007311A0 /* BankUXSTests.swift in Sources */,
			);
			runOnlyForDeploymentPostprocessing = 0;
		};
		58001BBC21617D0B007311A0 /* Sources */ = {
			isa = PBXSourcesBuildPhase;
			buildActionMask = 2147483647;
			files = (
				58001BC521617D0B007311A0 /* BankUXSUITests.swift in Sources */,
			);
			runOnlyForDeploymentPostprocessing = 0;
		};
/* End PBXSourcesBuildPhase section */

/* Begin PBXTargetDependency section */
		58001BB721617D0B007311A0 /* PBXTargetDependency */ = {
			isa = PBXTargetDependency;
			target = 58001BA021617D08007311A0 /* BankUXS */;
			targetProxy = 58001BB621617D0B007311A0 /* PBXContainerItemProxy */;
		};
		58001BC221617D0B007311A0 /* PBXTargetDependency */ = {
			isa = PBXTargetDependency;
			target = 58001BA021617D08007311A0 /* BankUXS */;
			targetProxy = 58001BC121617D0B007311A0 /* PBXContainerItemProxy */;
		};
/* End PBXTargetDependency section */

/* Begin PBXVariantGroup section */
		58001BA821617D08007311A0 /* Main.storyboard */ = {
			isa = PBXVariantGroup;
			children = (
				58001BA921617D08007311A0 /* Base */,
			);
			name = Main.storyboard;
			sourceTree = "<group>";
		};
		58001BAD21617D0A007311A0 /* LaunchScreen.storyboard */ = {
			isa = PBXVariantGroup;
			children = (
				58001BAE21617D0A007311A0 /* Base */,
			);
			name = LaunchScreen.storyboard;
			sourceTree = "<group>";
		};
/* End PBXVariantGroup section */

/* Begin XCBuildConfiguration section */
		58001BC721617D0B007311A0 /* Debug */ = {
			isa = XCBuildConfiguration;
			buildSettings = {
				ALWAYS_SEARCH_USER_PATHS = NO;
				CLANG_ANALYZER_NONNULL = YES;
				CLANG_ANALYZER_NUMBER_OBJECT_CONVERSION = YES_AGGRESSIVE;
				CLANG_CXX_LANGUAGE_STANDARD = "gnu++14";
				CLANG_CXX_LIBRARY = "libc++";
				CLANG_ENABLE_MODULES = YES;
				CLANG_ENABLE_OBJC_ARC = YES;
				CLANG_ENABLE_OBJC_WEAK = YES;
				CLANG_WARN_BLOCK_CAPTURE_AUTORELEASING = YES;
				CLANG_WARN_BOOL_CONVERSION = YES;
				CLANG_WARN_COMMA = YES;
				CLANG_WARN_CONSTANT_CONVERSION = YES;
				CLANG_WARN_DEPRECATED_OBJC_IMPLEMENTATIONS = YES;
				CLANG_WARN_DIRECT_OBJC_ISA_USAGE = YES_ERROR;
				CLANG_WARN_DOCUMENTATION_COMMENTS = YES;
				CLANG_WARN_EMPTY_BODY = YES;
				CLANG_WARN_ENUM_CONVERSION = YES;
				CLANG_WARN_INFINITE_RECURSION = YES;
				CLANG_WARN_INT_CONVERSION = YES;
				CLANG_WARN_NON_LITERAL_NULL_CONVERSION = YES;
				CLANG_WARN_OBJC_IMPLICIT_RETAIN_SELF = YES;
				CLANG_WARN_OBJC_LITERAL_CONVERSION = YES;
				CLANG_WARN_OBJC_ROOT_CLASS = YES_ERROR;
				CLANG_WARN_RANGE_LOOP_ANALYSIS = YES;
				CLANG_WARN_STRICT_PROTOTYPES = YES;
				CLANG_WARN_SUSPICIOUS_MOVE = YES;
				CLANG_WARN_UNGUARDED_AVAILABILITY = YES_AGGRESSIVE;
				CLANG_WARN_UNREACHABLE_CODE = YES;
				CLANG_WARN__DUPLICATE_METHOD_MATCH = YES;
				CODE_SIGN_IDENTITY = "iPhone Developer";
				COPY_PHASE_STRIP = NO;
				DEBUG_INFORMATION_FORMAT = dwarf;
				ENABLE_STRICT_OBJC_MSGSEND = YES;
				ENABLE_TESTABILITY = YES;
				GCC_C_LANGUAGE_STANDARD = gnu11;
				GCC_DYNAMIC_NO_PIC = NO;
				GCC_NO_COMMON_BLOCKS = YES;
				GCC_OPTIMIZATION_LEVEL = 0;
				GCC_PREPROCESSOR_DEFINITIONS = (
					"DEBUG=1",
					"$(inherited)",
				);
				GCC_WARN_64_TO_32_BIT_CONVERSION = YES;
				GCC_WARN_ABOUT_RETURN_TYPE = YES_ERROR;
				GCC_WARN_UNDECLARED_SELECTOR = YES;
				GCC_WARN_UNINITIALIZED_AUTOS = YES_AGGRESSIVE;
				GCC_WARN_UNUSED_FUNCTION = YES;
				GCC_WARN_UNUSED_VARIABLE = YES;
				IPHONEOS_DEPLOYMENT_TARGET = 11.4;
				MTL_ENABLE_DEBUG_INFO = YES;
				ONLY_ACTIVE_ARCH = YES;
				SDKROOT = iphoneos;
				SWIFT_ACTIVE_COMPILATION_CONDITIONS = DEBUG;
				SWIFT_OPTIMIZATION_LEVEL = "-Onone";
			};
			name = Debug;
		};
		58001BC821617D0B007311A0 /* Release */ = {
			isa = XCBuildConfiguration;
			buildSettings = {
				ALWAYS_SEARCH_USER_PATHS = NO;
				CLANG_ANALYZER_NONNULL = YES;
				CLANG_ANALYZER_NUMBER_OBJECT_CONVERSION = YES_AGGRESSIVE;
				CLANG_CXX_LANGUAGE_STANDARD = "gnu++14";
				CLANG_CXX_LIBRARY = "libc++";
				CLANG_ENABLE_MODULES = YES;
				CLANG_ENABLE_OBJC_ARC = YES;
				CLANG_ENABLE_OBJC_WEAK = YES;
				CLANG_WARN_BLOCK_CAPTURE_AUTORELEASING = YES;
				CLANG_WARN_BOOL_CONVERSION = YES;
				CLANG_WARN_COMMA = YES;
				CLANG_WARN_CONSTANT_CONVERSION = YES;
				CLANG_WARN_DEPRECATED_OBJC_IMPLEMENTATIONS = YES;
				CLANG_WARN_DIRECT_OBJC_ISA_USAGE = YES_ERROR;
				CLANG_WARN_DOCUMENTATION_COMMENTS = YES;
				CLANG_WARN_EMPTY_BODY = YES;
				CLANG_WARN_ENUM_CONVERSION = YES;
				CLANG_WARN_INFINITE_RECURSION = YES;
				CLANG_WARN_INT_CONVERSION = YES;
				CLANG_WARN_NON_LITERAL_NULL_CONVERSION = YES;
				CLANG_WARN_OBJC_IMPLICIT_RETAIN_SELF = YES;
				CLANG_WARN_OBJC_LITERAL_CONVERSION = YES;
				CLANG_WARN_OBJC_ROOT_CLASS = YES_ERROR;
				CLANG_WARN_RANGE_LOOP_ANALYSIS = YES;
				CLANG_WARN_STRICT_PROTOTYPES = YES;
				CLANG_WARN_SUSPICIOUS_MOVE = YES;
				CLANG_WARN_UNGUARDED_AVAILABILITY = YES_AGGRESSIVE;
				CLANG_WARN_UNREACHABLE_CODE = YES;
				CLANG_WARN__DUPLICATE_METHOD_MATCH = YES;
				CODE_SIGN_IDENTITY = "iPhone Developer";
				COPY_PHASE_STRIP = NO;
				DEBUG_INFORMATION_FORMAT = "dwarf-with-dsym";
				ENABLE_NS_ASSERTIONS = NO;
				ENABLE_STRICT_OBJC_MSGSEND = YES;
				GCC_C_LANGUAGE_STANDARD = gnu11;
				GCC_NO_COMMON_BLOCKS = YES;
				GCC_WARN_64_TO_32_BIT_CONVERSION = YES;
				GCC_WARN_ABOUT_RETURN_TYPE = YES_ERROR;
				GCC_WARN_UNDECLARED_SELECTOR = YES;
				GCC_WARN_UNINITIALIZED_AUTOS = YES_AGGRESSIVE;
				GCC_WARN_UNUSED_FUNCTION = YES;
				GCC_WARN_UNUSED_VARIABLE = YES;
				IPHONEOS_DEPLOYMENT_TARGET = 11.4;
				MTL_ENABLE_DEBUG_INFO = NO;
				SDKROOT = iphoneos;
				SWIFT_COMPILATION_MODE = wholemodule;
				SWIFT_OPTIMIZATION_LEVEL = "-O";
				VALIDATE_PRODUCT = YES;
			};
			name = Release;
		};
		58001BCA21617D0B007311A0 /* Debug */ = {
			isa = XCBuildConfiguration;
			baseConfigurationReference = E57F21EB3BC669689CEFF7E0 /* Pods-BankUXS.debug.xcconfig */;
			buildSettings = {
				ASSETCATALOG_COMPILER_APPICON_NAME = AppIcon;
				CODE_SIGN_STYLE = Automatic;
				DEVELOPMENT_TEAM = T2575W5KVK;
				INFOPLIST_FILE = BankUXS/Info.plist;
				LD_RUNPATH_SEARCH_PATHS = (
					"$(inherited)",
					"@executable_path/Frameworks",
				);
				PRODUCT_BUNDLE_IDENTIFIER = es.UXSMobile.BankUXS;
				PRODUCT_NAME = "$(TARGET_NAME)";
				SWIFT_VERSION = 4.0;
				TARGETED_DEVICE_FAMILY = "1,2";
			};
			name = Debug;
		};
		58001BCB21617D0B007311A0 /* Release */ = {
			isa = XCBuildConfiguration;
			baseConfigurationReference = EA1374FFCC89B4C6A1F64A1C /* Pods-BankUXS.release.xcconfig */;
			buildSettings = {
				ASSETCATALOG_COMPILER_APPICON_NAME = AppIcon;
				CODE_SIGN_STYLE = Automatic;
				DEVELOPMENT_TEAM = T2575W5KVK;
				INFOPLIST_FILE = BankUXS/Info.plist;
				LD_RUNPATH_SEARCH_PATHS = (
					"$(inherited)",
					"@executable_path/Frameworks",
				);
				PRODUCT_BUNDLE_IDENTIFIER = es.UXSMobile.BankUXS;
				PRODUCT_NAME = "$(TARGET_NAME)";
				SWIFT_VERSION = 4.0;
				TARGETED_DEVICE_FAMILY = "1,2";
			};
			name = Release;
		};
		58001BCD21617D0B007311A0 /* Debug */ = {
			isa = XCBuildConfiguration;
			baseConfigurationReference = 64AD4B798B752DFACD9F350B /* Pods-BankUXSTests.debug.xcconfig */;
			buildSettings = {
				ALWAYS_EMBED_SWIFT_STANDARD_LIBRARIES = YES;
				BUNDLE_LOADER = "$(TEST_HOST)";
				CODE_SIGN_STYLE = Automatic;
				DEVELOPMENT_TEAM = T2575W5KVK;
				INFOPLIST_FILE = BankUXSTests/Info.plist;
				LD_RUNPATH_SEARCH_PATHS = (
					"$(inherited)",
					"@executable_path/Frameworks",
					"@loader_path/Frameworks",
				);
				PRODUCT_BUNDLE_IDENTIFIER = es.UXSMobile.BankUXSTests;
				PRODUCT_NAME = "$(TARGET_NAME)";
				SWIFT_VERSION = 4.0;
				TARGETED_DEVICE_FAMILY = "1,2";
				TEST_HOST = "$(BUILT_PRODUCTS_DIR)/BankUXS.app/BankUXS";
			};
			name = Debug;
		};
		58001BCE21617D0B007311A0 /* Release */ = {
			isa = XCBuildConfiguration;
			baseConfigurationReference = 860E6F3044AAFDE71EA5B735 /* Pods-BankUXSTests.release.xcconfig */;
			buildSettings = {
				ALWAYS_EMBED_SWIFT_STANDARD_LIBRARIES = YES;
				BUNDLE_LOADER = "$(TEST_HOST)";
				CODE_SIGN_STYLE = Automatic;
				DEVELOPMENT_TEAM = T2575W5KVK;
				INFOPLIST_FILE = BankUXSTests/Info.plist;
				LD_RUNPATH_SEARCH_PATHS = (
					"$(inherited)",
					"@executable_path/Frameworks",
					"@loader_path/Frameworks",
				);
				PRODUCT_BUNDLE_IDENTIFIER = es.UXSMobile.BankUXSTests;
				PRODUCT_NAME = "$(TARGET_NAME)";
				SWIFT_VERSION = 4.0;
				TARGETED_DEVICE_FAMILY = "1,2";
				TEST_HOST = "$(BUILT_PRODUCTS_DIR)/BankUXS.app/BankUXS";
			};
			name = Release;
		};
		58001BD021617D0B007311A0 /* Debug */ = {
			isa = XCBuildConfiguration;
			baseConfigurationReference = 277576870B65A7EEC1668D75 /* Pods-BankUXSUITests.debug.xcconfig */;
			buildSettings = {
				ALWAYS_EMBED_SWIFT_STANDARD_LIBRARIES = YES;
				CODE_SIGN_STYLE = Automatic;
				DEVELOPMENT_TEAM = T2575W5KVK;
				INFOPLIST_FILE = BankUXSUITests/Info.plist;
				LD_RUNPATH_SEARCH_PATHS = (
					"$(inherited)",
					"@executable_path/Frameworks",
					"@loader_path/Frameworks",
				);
				PRODUCT_BUNDLE_IDENTIFIER = es.UXSMobile.BankUXSUITests;
				PRODUCT_NAME = "$(TARGET_NAME)";
				SWIFT_VERSION = 4.0;
				TARGETED_DEVICE_FAMILY = "1,2";
				TEST_TARGET_NAME = BankUXS;
			};
			name = Debug;
		};
		58001BD121617D0B007311A0 /* Release */ = {
			isa = XCBuildConfiguration;
			baseConfigurationReference = 6AB856E5D53A52665503CCEB /* Pods-BankUXSUITests.release.xcconfig */;
			buildSettings = {
				ALWAYS_EMBED_SWIFT_STANDARD_LIBRARIES = YES;
				CODE_SIGN_STYLE = Automatic;
				DEVELOPMENT_TEAM = T2575W5KVK;
				INFOPLIST_FILE = BankUXSUITests/Info.plist;
				LD_RUNPATH_SEARCH_PATHS = (
					"$(inherited)",
					"@executable_path/Frameworks",
					"@loader_path/Frameworks",
				);
				PRODUCT_BUNDLE_IDENTIFIER = es.UXSMobile.BankUXSUITests;
				PRODUCT_NAME = "$(TARGET_NAME)";
				SWIFT_VERSION = 4.0;
				TARGETED_DEVICE_FAMILY = "1,2";
				TEST_TARGET_NAME = BankUXS;
			};
			name = Release;
		};
/* End XCBuildConfiguration section */

/* Begin XCConfigurationList section */
		58001B9C21617D08007311A0 /* Build configuration list for PBXProject "BankUXS" */ = {
			isa = XCConfigurationList;
			buildConfigurations = (
				58001BC721617D0B007311A0 /* Debug */,
				58001BC821617D0B007311A0 /* Release */,
			);
			defaultConfigurationIsVisible = 0;
			defaultConfigurationName = Release;
		};
		58001BC921617D0B007311A0 /* Build configuration list for PBXNativeTarget "BankUXS" */ = {
			isa = XCConfigurationList;
			buildConfigurations = (
				58001BCA21617D0B007311A0 /* Debug */,
				58001BCB21617D0B007311A0 /* Release */,
			);
			defaultConfigurationIsVisible = 0;
			defaultConfigurationName = Release;
		};
		58001BCC21617D0B007311A0 /* Build configuration list for PBXNativeTarget "BankUXSTests" */ = {
			isa = XCConfigurationList;
			buildConfigurations = (
				58001BCD21617D0B007311A0 /* Debug */,
				58001BCE21617D0B007311A0 /* Release */,
			);
			defaultConfigurationIsVisible = 0;
			defaultConfigurationName = Release;
		};
		58001BCF21617D0B007311A0 /* Build configuration list for PBXNativeTarget "BankUXSUITests" */ = {
			isa = XCConfigurationList;
			buildConfigurations = (
				58001BD021617D0B007311A0 /* Debug */,
				58001BD121617D0B007311A0 /* Release */,
			);
			defaultConfigurationIsVisible = 0;
			defaultConfigurationName = Release;
		};
/* End XCConfigurationList section */
	};
	rootObject = 58001B9921617D08007311A0 /* Project object */;
}
